<?xml version="1.0" encoding="utf-8"?>
<Project ToolsVersion="4.0" xmlns="http://schemas.microsoft.com/developer/msbuild/2003">
  <ItemGroup>
    <Filter Include="Source Files">
      <UniqueIdentifier>{4FC737F1-C7A5-4376-A066-2A32D752A2FF}</UniqueIdentifier>
      <Extensions>cpp;c;cc;cxx;c++;cppm;ixx;def;odl;idl;hpj;bat;asm;asmx</Extensions>
    </Filter>
    <Filter Include="Header Files">
      <UniqueIdentifier>{93995380-89BD-4b04-88EB-625FBE52EBFB}</UniqueIdentifier>
      <Extensions>h;hh;hpp;hxx;h++;hm;inl;inc;ipp;xsd</Extensions>
    </Filter>
    <Filter Include="Resource Files">
      <UniqueIdentifier>{67DA6AB6-F800-4c08-8B7A-83BB121AAD01}</UniqueIdentifier>
      <Extensions>rc;ico;cur;bmp;dlg;rc2;rct;bin;rgs;gif;jpg;jpeg;jpe;resx;tiff;tif;png;wav;mfcribbon-ms</Extensions>
    </Filter>
    <Filter Include="Source Files\Common">
      <UniqueIdentifier>{1f171a2c-6c15-4aab-bc40-972eaf164057}</UniqueIdentifier>
    </Filter>
    <Filter Include="Source Files\Common\Logging">
      <UniqueIdentifier>{9df9675f-4343-42e2-9167-e5822460a0bf}</UniqueIdentifier>
    </Filter>
    <Filter Include="Source Files\ImGui">
      <UniqueIdentifier>{6951c4a9-c17e-4af0-840b-8290f5104189}</UniqueIdentifier>
    </Filter>
    <Filter Include="Source Files\ImGui\Backends">
      <UniqueIdentifier>{0e929620-c8bc-4cfa-85d7-0889473f1018}</UniqueIdentifier>
    </Filter>
    <Filter Include="Source Files\GFX">
      <UniqueIdentifier>{326a3168-bbf8-4b76-a142-44a7cd84d1d1}</UniqueIdentifier>
    </Filter>
    <Filter Include="Source Files\Main">
      <UniqueIdentifier>{1bd04171-1129-49b0-9f8a-416f159fe372}</UniqueIdentifier>
    </Filter>
  </ItemGroup>
  <ItemGroup>
    <ClCompile Include="src\main.cpp">
      <Filter>Source Files</Filter>
    </ClCompile>
    <ClCompile Include="src\Common\Logging\Logging.cpp">
      <Filter>Source Files\Common\Logging</Filter>
    </ClCompile>
    <ClCompile Include="src\ImGui\imgui_tables.cpp">
      <Filter>Source Files\ImGui</Filter>
    </ClCompile>
    <ClCompile Include="src\ImGui\imgui_widgets.cpp">
      <Filter>Source Files\ImGui</Filter>
    </ClCompile>
    <ClCompile Include="src\ImGui\imgui.cpp">
      <Filter>Source Files\ImGui</Filter>
    </ClCompile>
    <ClCompile Include="src\ImGui\imgui_demo.cpp">
      <Filter>Source Files\ImGui</Filter>
    </ClCompile>
    <ClCompile Include="src\ImGui\imgui_draw.cpp">
      <Filter>Source Files\ImGui</Filter>
    </ClCompile>
    <ClCompile Include="src\ImGui\Backends\imgui_impl_win32.cpp">
      <Filter>Source Files\ImGui\Backends</Filter>
    </ClCompile>
    <ClCompile Include="src\ImGui\Backends\imgui_impl_dx11.cpp">
      <Filter>Source Files\ImGui\Backends</Filter>
    </ClCompile>
    <ClCompile Include="src\GFX\GFXHooks.cpp">
      <Filter>Source Files\GFX</Filter>
    </ClCompile>
    <ClCompile Include="src\Main\MainHooks.cpp">
      <Filter>Source Files\Main</Filter>
    </ClCompile>
    <ClCompile Include="src\Common\Common.cpp">
      <Filter>Source Files\Common</Filter>
    </ClCompile>
  </ItemGroup>
  <ItemGroup>
    <None Include="src\.editorconfig">
      <Filter>Source Files</Filter>
    </None>
  </ItemGroup>
  <ItemGroup>
    <ClInclude Include="src\Common\Rect.h">
      <Filter>Source Files\Common</Filter>
    </ClInclude>
    <ClInclude Include="src\Common\Types.h">
      <Filter>Source Files\Common</Filter>
    </ClInclude>
    <ClInclude Include="src\Common\Color.h">
      <Filter>Source Files\Common</Filter>
    </ClInclude>
    <ClInclude Include="src\Common\Logging\Logging.h">
      <Filter>Source Files\Common\Logging</Filter>
    </ClInclude>
    <ClInclude Include="src\ImGui\imstb_rectpack.h">
      <Filter>Source Files\ImGui</Filter>
    </ClInclude>
    <ClInclude Include="src\ImGui\imstb_textedit.h">
      <Filter>Source Files\ImGui</Filter>
    </ClInclude>
    <ClInclude Include="src\ImGui\imstb_truetype.h">
      <Filter>Source Files\ImGui</Filter>
    </ClInclude>
    <ClInclude Include="src\ImGui\imconfig.h">
      <Filter>Source Files\ImGui</Filter>
    </ClInclude>
    <ClInclude Include="src\ImGui\imgui.h">
      <Filter>Source Files\ImGui</Filter>
    </ClInclude>
    <ClInclude Include="src\ImGui\imgui_internal.h">
      <Filter>Source Files\ImGui</Filter>
    </ClInclude>
    <ClInclude Include="src\ImGui\Backends\imgui_impl_win32.h">
      <Filter>Source Files\ImGui\Backends</Filter>
    </ClInclude>
    <ClInclude Include="src\ImGui\Backends\imgui_impl_dx11.h">
      <Filter>Source Files\ImGui\Backends</Filter>
    </ClInclude>
    <ClInclude Include="src\GFX\GFXHooks.h">
      <Filter>Source Files\GFX</Filter>
    </ClInclude>
    <ClInclude Include="src\GFX\DrawCommands.h">
      <Filter>Source Files\GFX</Filter>
    </ClInclude>
    <ClInclude Include="src\Main\MainHooks.h">
      <Filter>Source Files\Main</Filter>
    </ClInclude>
    <ClInclude Include="src\Common\Common.h">
      <Filter>Source Files\Common</Filter>
    </ClInclude>
  </ItemGroup>
</Project>